
Microsoft Visual Studio Solution File, Format Version 12.00
# Visual Studio Version 17
VisualStudioVersion = 17.6.33723.286
MinimumVisualStudioVersion = 10.0.40219.1
Project("{9A19103F-16F7-4668-BE54-9A1E7A4F7556}") = "6LetterWordChallenge", "6LetterWordChallenge\6LetterWordChallenge.csproj", "{B6B2FEC7-551A-411B-9B00-70A608D4C643}"
EndProject
Project("{FAE04EC0-301F-11D3-BF4B-00C04F79EFBC}") = "6LetterWordChallenge.Tests", "6LetterWordChallenge.Tests\6LetterWordChallenge.Tests.csproj", "{2D55A9C7-5E17-4D63-BFB6-60B757AEEE9E}"
EndProject
Global
	GlobalSection(SolutionConfigurationPlatforms) = preSolution
		Debug|Any CPU = Debug|Any CPU
		Release|Any CPU = Release|Any CPU
	EndGlobalSection
	GlobalSection(ProjectConfigurationPlatforms) = postSolution
		{B6B2FEC7-551A-411B-9B00-70A608D4C643}.Debug|Any CPU.ActiveCfg = Debug|Any CPU
		{B6B2FEC7-551A-411B-9B00-70A608D4C643}.Debug|Any CPU.Build.0 = Debug|Any CPU
		{B6B2FEC7-551A-411B-9B00-70A608D4C643}.Release|Any CPU.ActiveCfg = Release|Any CPU
		{B6B2FEC7-551A-411B-9B00-70A608D4C643}.Release|Any CPU.Build.0 = Release|Any CPU
		{2D55A9C7-5E17-4D63-BFB6-60B757AEEE9E}.Debug|Any CPU.ActiveCfg = Debug|Any CPU
		{2D55A9C7-5E17-4D63-BFB6-60B757AEEE9E}.Debug|Any CPU.Build.0 = Debug|Any CPU
		{2D55A9C7-5E17-4D63-BFB6-60B757AEEE9E}.Release|Any CPU.ActiveCfg = Release|Any CPU
		{2D55A9C7-5E17-4D63-BFB6-60B757AEEE9E}.Release|Any CPU.Build.0 = Release|Any CPU
	EndGlobalSection
	GlobalSection(SolutionProperties) = preSolution
		HideSolutionNode = FALSE
	EndGlobalSection
	GlobalSection(ExtensibilityGlobals) = postSolution
		SolutionGuid = {A39DC418-C157-4EC2-9B18-2B9A3482F3A2}
	EndGlobalSection
EndGlobal
